
Microsoft Visual Studio Solution File, Format Version 12.00
# Visual Studio Version 17
VisualStudioVersion = 17.7.34221.43
MinimumVisualStudioVersion = 10.0.40219.1
Project("{9A19103F-16F7-4668-BE54-9A1E7A4F7556}") = "Engine", "Engine\Engine.csproj", "{34E056AF-1188-438A-9A6F-FBBD3328DA09}"
EndProject
Project("{9A19103F-16F7-4668-BE54-9A1E7A4F7556}") = "LittleAGames.PFWolf.Connie", "LittleAGames.PFWolf.Connie\LittleAGames.PFWolf.Connie.csproj", "{D1438B06-E276-4F21-B320-894491E09E4A}"
EndProject
Project("{9A19103F-16F7-4668-BE54-9A1E7A4F7556}") = "LittleAGames.PFWolf.Common", "LittleAGames.PFWolf.Common\LittleAGames.PFWolf.Common.csproj", "{FCD94890-F1B3-4D0E-A37C-ADB74EF5BE63}"
EndProject
Project("{FAE04EC0-301F-11D3-BF4B-00C04F79EFBC}") = "LittleAGames.PFWolf.FileManager", "LittleAGames.PFWolf.FileManager\LittleAGames.PFWolf.FileManager.csproj", "{9939C3A2-6CC5-4021-96F3-515E9710CDBE}"
EndProject
Global
	GlobalSection(SolutionConfigurationPlatforms) = preSolution
		Debug|Any CPU = Debug|Any CPU
		Release|Any CPU = Release|Any CPU
	EndGlobalSection
	GlobalSection(ProjectConfigurationPlatforms) = postSolution
		{34E056AF-1188-438A-9A6F-FBBD3328DA09}.Debug|Any CPU.ActiveCfg = Debug|Any CPU
		{34E056AF-1188-438A-9A6F-FBBD3328DA09}.Debug|Any CPU.Build.0 = Debug|Any CPU
		{34E056AF-1188-438A-9A6F-FBBD3328DA09}.Release|Any CPU.ActiveCfg = Release|Any CPU
		{34E056AF-1188-438A-9A6F-FBBD3328DA09}.Release|Any CPU.Build.0 = Release|Any CPU
		{D1438B06-E276-4F21-B320-894491E09E4A}.Debug|Any CPU.ActiveCfg = Debug|Any CPU
		{D1438B06-E276-4F21-B320-894491E09E4A}.Debug|Any CPU.Build.0 = Debug|Any CPU
		{D1438B06-E276-4F21-B320-894491E09E4A}.Release|Any CPU.ActiveCfg = Release|Any CPU
		{D1438B06-E276-4F21-B320-894491E09E4A}.Release|Any CPU.Build.0 = Release|Any CPU
		{FCD94890-F1B3-4D0E-A37C-ADB74EF5BE63}.Debug|Any CPU.ActiveCfg = Debug|Any CPU
		{FCD94890-F1B3-4D0E-A37C-ADB74EF5BE63}.Debug|Any CPU.Build.0 = Debug|Any CPU
		{FCD94890-F1B3-4D0E-A37C-ADB74EF5BE63}.Release|Any CPU.ActiveCfg = Release|Any CPU
		{FCD94890-F1B3-4D0E-A37C-ADB74EF5BE63}.Release|Any CPU.Build.0 = Release|Any CPU
		{9939C3A2-6CC5-4021-96F3-515E9710CDBE}.Debug|Any CPU.ActiveCfg = Debug|Any CPU
		{9939C3A2-6CC5-4021-96F3-515E9710CDBE}.Debug|Any CPU.Build.0 = Debug|Any CPU
		{9939C3A2-6CC5-4021-96F3-515E9710CDBE}.Release|Any CPU.ActiveCfg = Release|Any CPU
		{9939C3A2-6CC5-4021-96F3-515E9710CDBE}.Release|Any CPU.Build.0 = Release|Any CPU
	EndGlobalSection
	GlobalSection(SolutionProperties) = preSolution
		HideSolutionNode = FALSE
	EndGlobalSection
	GlobalSection(ExtensibilityGlobals) = postSolution
		SolutionGuid = {FA7EFAAB-37D3-4C59-A41E-EB9AFA16CF83}
	EndGlobalSection
EndGlobal
